
Microsoft Visual Studio Solution File, Format Version 12.00
# Visual Studio Version 17
VisualStudioVersion = 17.4.33213.308
MinimumVisualStudioVersion = 10.0.40219.1
Project("{FAE04EC0-301F-11D3-BF4B-00C04F79EFBC}") = "ComprasAPI", "ComprasAPI\ComprasAPI.csproj", "{1239850B-63E7-4E2B-8D29-4880326BB7D0}"
EndProject
Global
	GlobalSection(SolutionConfigurationPlatforms) = preSolution
		Debug|Any CPU = Debug|Any CPU
		Release|Any CPU = Release|Any CPU
	EndGlobalSection
	GlobalSection(ProjectConfigurationPlatforms) = postSolution
		{1239850B-63E7-4E2B-8D29-4880326BB7D0}.Debug|Any CPU.ActiveCfg = Debug|Any CPU
		{1239850B-63E7-4E2B-8D29-4880326BB7D0}.Debug|Any CPU.Build.0 = Debug|Any CPU
		{1239850B-63E7-4E2B-8D29-4880326BB7D0}.Release|Any CPU.ActiveCfg = Release|Any CPU
		{1239850B-63E7-4E2B-8D29-4880326BB7D0}.Release|Any CPU.Build.0 = Release|Any CPU
	EndGlobalSection
	GlobalSection(SolutionProperties) = preSolution
		HideSolutionNode = FALSE
	EndGlobalSection
	GlobalSection(ExtensibilityGlobals) = postSolution
		SolutionGuid = {49DE2E9A-22A3-4AA1-8F49-29A800AA15BA}
	EndGlobalSection
EndGlobal
